
Microsoft Visual Studio Solution File, Format Version 12.00
# Visual Studio Version 16
VisualStudioVersion = 16.0.30320.27
MinimumVisualStudioVersion = 10.0.40219.1
Project("{FAE04EC0-301F-11D3-BF4B-00C04F79EFBC}") = "Assignment", "Assignment.csproj", "{BD3F922C-A3A5-4E05-95B9-5FC1407901B9}"
EndProject
Global
	GlobalSection(SolutionConfigurationPlatforms) = preSolution
		Debug|Any CPU = Debug|Any CPU
		Release|Any CPU = Release|Any CPU
	EndGlobalSection
	GlobalSection(ProjectConfigurationPlatforms) = postSolution
		{BD3F922C-A3A5-4E05-95B9-5FC1407901B9}.Debug|Any CPU.ActiveCfg = Debug|Any CPU
		{BD3F922C-A3A5-4E05-95B9-5FC1407901B9}.Debug|Any CPU.Build.0 = Debug|Any CPU
		{BD3F922C-A3A5-4E05-95B9-5FC1407901B9}.Release|Any CPU.ActiveCfg = Release|Any CPU
		{BD3F922C-A3A5-4E05-95B9-5FC1407901B9}.Release|Any CPU.Build.0 = Release|Any CPU
	EndGlobalSection
	GlobalSection(SolutionProperties) = preSolution
		HideSolutionNode = FALSE
	EndGlobalSection
	GlobalSection(ExtensibilityGlobals) = postSolution
		SolutionGuid = {A18F4EEC-7EB8-497E-BB53-3FE061C4F982}
	EndGlobalSection
EndGlobal
