
Microsoft Visual Studio Solution File, Format Version 12.00
# Visual Studio Version 16
VisualStudioVersion = 16.0.30320.27
MinimumVisualStudioVersion = 10.0.40219.1
Project("{FAE04EC0-301F-11D3-BF4B-00C04F79EFBC}") = "FIT_5032_Week02", "FIT_5032_Week02\FIT_5032_Week02.csproj", "{B6003A32-F0FC-47FB-B292-5F959E304DA9}"
EndProject
Global
	GlobalSection(SolutionConfigurationPlatforms) = preSolution
		Debug|Any CPU = Debug|Any CPU
		Release|Any CPU = Release|Any CPU
	EndGlobalSection
	GlobalSection(ProjectConfigurationPlatforms) = postSolution
		{B6003A32-F0FC-47FB-B292-5F959E304DA9}.Debug|Any CPU.ActiveCfg = Debug|Any CPU
		{B6003A32-F0FC-47FB-B292-5F959E304DA9}.Debug|Any CPU.Build.0 = Debug|Any CPU
		{B6003A32-F0FC-47FB-B292-5F959E304DA9}.Release|Any CPU.ActiveCfg = Release|Any CPU
		{B6003A32-F0FC-47FB-B292-5F959E304DA9}.Release|Any CPU.Build.0 = Release|Any CPU
	EndGlobalSection
	GlobalSection(SolutionProperties) = preSolution
		HideSolutionNode = FALSE
	EndGlobalSection
	GlobalSection(ExtensibilityGlobals) = postSolution
		SolutionGuid = {DD45CE6E-7692-4D4D-A930-182FB0663F82}
	EndGlobalSection
EndGlobal
