
Microsoft Visual Studio Solution File, Format Version 12.00
# Visual Studio Version 16
VisualStudioVersion = 16.0.30320.27
MinimumVisualStudioVersion = 10.0.40219.1
Project("{FAE04EC0-301F-11D3-BF4B-00C04F79EFBC}") = "FIT5032_Week03", "FIT5032_Week03\FIT5032_Week03.csproj", "{7F73CFFF-FF37-433C-B148-77C70A0BA401}"
EndProject
Project("{FAE04EC0-301F-11D3-BF4B-00C04F79EFBC}") = "FIT5032_Week03.Tests", "FIT5032_Week03.Tests\FIT5032_Week03.Tests.csproj", "{E1035CA6-E2C3-4D71-ACB0-BF43819A047D}"
EndProject
Global
	GlobalSection(SolutionConfigurationPlatforms) = preSolution
		Debug|Any CPU = Debug|Any CPU
		Release|Any CPU = Release|Any CPU
	EndGlobalSection
	GlobalSection(ProjectConfigurationPlatforms) = postSolution
		{7F73CFFF-FF37-433C-B148-77C70A0BA401}.Debug|Any CPU.ActiveCfg = Debug|Any CPU
		{7F73CFFF-FF37-433C-B148-77C70A0BA401}.Debug|Any CPU.Build.0 = Debug|Any CPU
		{7F73CFFF-FF37-433C-B148-77C70A0BA401}.Release|Any CPU.ActiveCfg = Release|Any CPU
		{7F73CFFF-FF37-433C-B148-77C70A0BA401}.Release|Any CPU.Build.0 = Release|Any CPU
		{E1035CA6-E2C3-4D71-ACB0-BF43819A047D}.Debug|Any CPU.ActiveCfg = Debug|Any CPU
		{E1035CA6-E2C3-4D71-ACB0-BF43819A047D}.Debug|Any CPU.Build.0 = Debug|Any CPU
		{E1035CA6-E2C3-4D71-ACB0-BF43819A047D}.Release|Any CPU.ActiveCfg = Release|Any CPU
		{E1035CA6-E2C3-4D71-ACB0-BF43819A047D}.Release|Any CPU.Build.0 = Release|Any CPU
	EndGlobalSection
	GlobalSection(SolutionProperties) = preSolution
		HideSolutionNode = FALSE
	EndGlobalSection
	GlobalSection(ExtensibilityGlobals) = postSolution
		SolutionGuid = {AAE6E278-A8B4-4672-992A-C88C015364D5}
	EndGlobalSection
EndGlobal
